
Microsoft Visual Studio Solution File, Format Version 12.00
# Visual Studio Version 17
VisualStudioVersion = 17.14.36414.22 d17.14
MinimumVisualStudioVersion = 10.0.40219.1
Project("{FAE04EC0-301F-11D3-BF4B-00C04F79EFBC}") = "Three in a row", "Three in a row\Three in a row.csproj", "{30932F4F-3F9D-4DED-A39F-A35DD18D0014}"
EndProject
Global
	GlobalSection(SolutionConfigurationPlatforms) = preSolution
		Debug|Any CPU = Debug|Any CPU
		Release|Any CPU = Release|Any CPU
	EndGlobalSection
	GlobalSection(ProjectConfigurationPlatforms) = postSolution
		{30932F4F-3F9D-4DED-A39F-A35DD18D0014}.Debug|Any CPU.ActiveCfg = Debug|Any CPU
		{30932F4F-3F9D-4DED-A39F-A35DD18D0014}.Debug|Any CPU.Build.0 = Debug|Any CPU
		{30932F4F-3F9D-4DED-A39F-A35DD18D0014}.Release|Any CPU.ActiveCfg = Release|Any CPU
		{30932F4F-3F9D-4DED-A39F-A35DD18D0014}.Release|Any CPU.Build.0 = Release|Any CPU
	EndGlobalSection
	GlobalSection(SolutionProperties) = preSolution
		HideSolutionNode = FALSE
	EndGlobalSection
	GlobalSection(ExtensibilityGlobals) = postSolution
		SolutionGuid = {5346F440-D319-4F0E-B6F5-087F6F8EFD98}
	EndGlobalSection
EndGlobal
